// !$*UTF8*$!
{
	archiveVersion = 1;
	classes = {
	};
	objectVersion = 46;
	objects = {

/* Begin PBXBuildFile section */
		84122E101C1993C50032B8FF /* ISAppDelegate.swift in Sources */ = {isa = PBXBuildFile; fileRef = 84122E0F1C1993C50032B8FF /* ISAppDelegate.swift */; };
		84122E121C1993C50032B8FF /* ISViewController.swift in Sources */ = {isa = PBXBuildFile; fileRef = 84122E111C1993C50032B8FF /* ISViewController.swift */; };
		84122E151C1993C50032B8FF /* Main.storyboard in Resources */ = {isa = PBXBuildFile; fileRef = 84122E131C1993C50032B8FF /* Main.storyboard */; };
		84122E171C1993C50032B8FF /* Assets.xcassets in Resources */ = {isa = PBXBuildFile; fileRef = 84122E161C1993C50032B8FF /* Assets.xcassets */; };
		84122E1A1C1993C50032B8FF /* LaunchScreen.storyboard in Resources */ = {isa = PBXBuildFile; fileRef = 84122E181C1993C50032B8FF /* LaunchScreen.storyboard */; };
		84122E221C1994E90032B8FF /* ISRadioButton.swift in Sources */ = {isa = PBXBuildFile; fileRef = 84122E211C1994E90032B8FF /* ISRadioButton.swift */; };
		84FCBF981C19B80600872078 /* CoreGraphics.framework in Frameworks */ = {isa = PBXBuildFile; fileRef = 84FCBF971C19B80600872078 /* CoreGraphics.framework */; };
/* End PBXBuildFile section */

/* Begin PBXFileReference section */
		84122E0C1C1993C50032B8FF /* ISRadioButton.app */ = {isa = PBXFileReference; explicitFileType = wrapper.application; includeInIndex = 0; path = ISRadioButton.app; sourceTree = BUILT_PRODUCTS_DIR; };
		84122E0F1C1993C50032B8FF /* ISAppDelegate.swift */ = {isa = PBXFileReference; lastKnownFileType = sourcecode.swift; path = ISAppDelegate.swift; sourceTree = "<group>"; };
		84122E111C1993C50032B8FF /* ISViewController.swift */ = {isa = PBXFileReference; lastKnownFileType = sourcecode.swift; path = ISViewController.swift; sourceTree = "<group>"; };
		84122E141C1993C50032B8FF /* Base */ = {isa = PBXFileReference; lastKnownFileType = file.storyboard; name = Base; path = Base.lproj/Main.storyboard; sourceTree = "<group>"; };
		84122E161C1993C50032B8FF /* Assets.xcassets */ = {isa = PBXFileReference; lastKnownFileType = folder.assetcatalog; path = Assets.xcassets; sourceTree = "<group>"; };
		84122E191C1993C50032B8FF /* Base */ = {isa = PBXFileReference; lastKnownFileType = file.storyboard; name = Base; path = Base.lproj/LaunchScreen.storyboard; sourceTree = "<group>"; };
		84122E1B1C1993C50032B8FF /* Info.plist */ = {isa = PBXFileReference; lastKnownFileType = text.plist.xml; path = Info.plist; sourceTree = "<group>"; };
		84122E211C1994E90032B8FF /* ISRadioButton.swift */ = {isa = PBXFileReference; fileEncoding = 4; lastKnownFileType = sourcecode.swift; path = ISRadioButton.swift; sourceTree = "<group>"; };
		84FCBF971C19B80600872078 /* CoreGraphics.framework */ = {isa = PBXFileReference; lastKnownFileType = wrapper.framework; name = CoreGraphics.framework; path = System/Library/Frameworks/CoreGraphics.framework; sourceTree = SDKROOT; };
/* End PBXFileReference section */

/* Begin PBXFrameworksBuildPhase section */
		84122E091C1993C50032B8FF /* Frameworks */ = {
			isa = PBXFrameworksBuildPhase;
			buildActionMask = 2147483647;
			files = (
				84FCBF981C19B80600872078 /* CoreGraphics.framework in Frameworks */,
			);
			runOnlyForDeploymentPostprocessing = 0;
		};
/* End PBXFrameworksBuildPhase section */

/* Begin PBXGroup section */
		84122E031C1993C50032B8FF = {
			isa = PBXGroup;
			children = (
				84FCBF971C19B80600872078 /* CoreGraphics.framework */,
				84122E0E1C1993C50032B8FF /* ISRadioButton */,
				84122E0D1C1993C50032B8FF /* Products */,
			);
			sourceTree = "<group>";
		};
		84122E0D1C1993C50032B8FF /* Products */ = {
			isa = PBXGroup;
			children = (
				84122E0C1C1993C50032B8FF /* ISRadioButton.app */,
			);
			name = Products;
			sourceTree = "<group>";
		};
		84122E0E1C1993C50032B8FF /* ISRadioButton */ = {
			isa = PBXGroup;
			children = (
				84122E0F1C1993C50032B8FF /* ISAppDelegate.swift */,
				84122E111C1993C50032B8FF /* ISViewController.swift */,
				84122E211C1994E90032B8FF /* ISRadioButton.swift */,
				84122E131C1993C50032B8FF /* Main.storyboard */,
				84122E161C1993C50032B8FF /* Assets.xcassets */,
				84122E181C1993C50032B8FF /* LaunchScreen.storyboard */,
				84122E1B1C1993C50032B8FF /* Info.plist */,
			);
			path = ISRadioButton;
			sourceTree = "<group>";
		};
/* End PBXGroup section */

/* Begin PBXNativeTarget section */
		84122E0B1C1993C50032B8FF /* ISRadioButton */ = {
			isa = PBXNativeTarget;
			buildConfigurationList = 84122E1E1C1993C50032B8FF /* Build configuration list for PBXNativeTarget "ISRadioButton" */;
			buildPhases = (
				84122E081C1993C50032B8FF /* Sources */,
				84122E091C1993C50032B8FF /* Frameworks */,
				84122E0A1C1993C50032B8FF /* Resources */,
			);
			buildRules = (
			);
			dependencies = (
			);
			name = ISRadioButton;
			productName = ISRadioButton;
			productReference = 84122E0C1C1993C50032B8FF /* ISRadioButton.app */;
			productType = "com.apple.product-type.application";
		};
/* End PBXNativeTarget section */

/* Begin PBXProject section */
		84122E041C1993C50032B8FF /* Project object */ = {
			isa = PBXProject;
			attributes = {
				LastSwiftUpdateCheck = 0710;
				LastUpgradeCheck = 0800;
				ORGANIZATIONNAME = TheGoal;
				TargetAttributes = {
					84122E0B1C1993C50032B8FF = {
						CreatedOnToolsVersion = 7.1.1;
						DevelopmentTeam = VU5CT8JY2W;
						DevelopmentTeamName = "Flikkable Limited";
						LastSwiftMigration = 0800;
						ProvisioningStyle = Manual;
					};
				};
			};
			buildConfigurationList = 84122E071C1993C50032B8FF /* Build configuration list for PBXProject "ISRadioButton" */;
			compatibilityVersion = "Xcode 3.2";
			developmentRegion = English;
			hasScannedForEncodings = 0;
			knownRegions = (
				en,
				Base,
			);
			mainGroup = 84122E031C1993C50032B8FF;
			productRefGroup = 84122E0D1C1993C50032B8FF /* Products */;
			projectDirPath = "";
			projectRoot = "";
			targets = (
				84122E0B1C1993C50032B8FF /* ISRadioButton */,
			);
		};
/* End PBXProject section */

/* Begin PBXResourcesBuildPhase section */
		84122E0A1C1993C50032B8FF /* Resources */ = {
			isa = PBXResourcesBuildPhase;
			buildActionMask = 2147483647;
			files = (
				84122E1A1C1993C50032B8FF /* LaunchScreen.storyboard in Resources */,
				84122E171C1993C50032B8FF /* Assets.xcassets in Resources */,
				84122E151C1993C50032B8FF /* Main.storyboard in Resources */,
			);
			runOnlyForDeploymentPostprocessing = 0;
		};
/* End PBXResourcesBuildPhase section */

/* Begin PBXSourcesBuildPhase section */
		84122E081C1993C50032B8FF /* Sources */ = {
			isa = PBXSourcesBuildPhase;
			buildActionMask = 2147483647;
			files = (
				84122E221C1994E90032B8FF /* ISRadioButton.swift in Sources */,
				84122E121C1993C50032B8FF /* ISViewController.swift in Sources */,
				84122E101C1993C50032B8FF /* ISAppDelegate.swift in Sources */,
			);
			runOnlyForDeploymentPostprocessing = 0;
		};
/* End PBXSourcesBuildPhase section */

/* Begin PBXVariantGroup section */
		84122E131C1993C50032B8FF /* Main.storyboard */ = {
			isa = PBXVariantGroup;
			children = (
				84122E141C1993C50032B8FF /* Base */,
			);
			name = Main.storyboard;
			sourceTree = "<group>";
		};
		84122E181C1993C50032B8FF /* LaunchScreen.storyboard */ = {
			isa = PBXVariantGroup;
			children = (
				84122E191C1993C50032B8FF /* Base */,
			);
			name = LaunchScreen.storyboard;
			sourceTree = "<group>";
		};
/* End PBXVariantGroup section */

/* Begin XCBuildConfiguration section */
		84122E1C1C1993C50032B8FF /* Debug */ = {
			isa = XCBuildConfiguration;
			buildSettings = {
				ALWAYS_SEARCH_USER_PATHS = NO;
				CLANG_CXX_LANGUAGE_STANDARD = "gnu++0x";
				CLANG_CXX_LIBRARY = "libc++";
				CLANG_ENABLE_MODULES = YES;
				CLANG_ENABLE_OBJC_ARC = YES;
				CLANG_WARN_BOOL_CONVERSION = YES;
				CLANG_WARN_CONSTANT_CONVERSION = YES;
				CLANG_WARN_DIRECT_OBJC_ISA_USAGE = YES_ERROR;
				CLANG_WARN_EMPTY_BODY = YES;
				CLANG_WARN_ENUM_CONVERSION = YES;
				CLANG_WARN_INT_CONVERSION = YES;
				CLANG_WARN_OBJC_ROOT_CLASS = YES_ERROR;
				CLANG_WARN_UNREACHABLE_CODE = YES;
				CLANG_WARN__DUPLICATE_METHOD_MATCH = YES;
				"CODE_SIGN_IDENTITY[sdk=iphoneos*]" = "";
				COPY_PHASE_STRIP = NO;
				DEBUG_INFORMATION_FORMAT = dwarf;
				ENABLE_STRICT_OBJC_MSGSEND = YES;
				ENABLE_TESTABILITY = YES;
				GCC_C_LANGUAGE_STANDARD = gnu99;
				GCC_DYNAMIC_NO_PIC = NO;
				GCC_NO_COMMON_BLOCKS = YES;
				GCC_OPTIMIZATION_LEVEL = 0;
				GCC_PREPROCESSOR_DEFINITIONS = (
					"DEBUG=1",
					"$(inherited)",
				);
				GCC_WARN_64_TO_32_BIT_CONVERSION = YES;
				GCC_WARN_ABOUT_RETURN_TYPE = YES_ERROR;
				GCC_WARN_UNDECLARED_SELECTOR = YES;
				GCC_WARN_UNINITIALIZED_AUTOS = YES_AGGRESSIVE;
				GCC_WARN_UNUSED_FUNCTION = YES;
				GCC_WARN_UNUSED_VARIABLE = YES;
				IPHONEOS_DEPLOYMENT_TARGET = 8.0;
				MTL_ENABLE_DEBUG_INFO = YES;
				ONLY_ACTIVE_ARCH = YES;
				PROVISIONING_PROFILE = "0963875d-764b-4334-8643-4c614d05d02a";
				SDKROOT = iphoneos;
				SWIFT_OPTIMIZATION_LEVEL = "-Onone";
			};
			name = Debug;
		};
		84122E1D1C1993C50032B8FF /* Release */ = {
			isa = XCBuildConfiguration;
			buildSettings = {
				ALWAYS_SEARCH_USER_PATHS = NO;
				CLANG_CXX_LANGUAGE_STANDARD = "gnu++0x";
				CLANG_CXX_LIBRARY = "libc++";
				CLANG_ENABLE_MODULES = YES;
				CLANG_ENABLE_OBJC_ARC = YES;
				CLANG_WARN_BOOL_CONVERSION = YES;
				CLANG_WARN_CONSTANT_CONVERSION = YES;
				CLANG_WARN_DIRECT_OBJC_ISA_USAGE = YES_ERROR;
				CLANG_WARN_EMPTY_BODY = YES;
				CLANG_WARN_ENUM_CONVERSION = YES;
				CLANG_WARN_INT_CONVERSION = YES;
				CLANG_WARN_OBJC_ROOT_CLASS = YES_ERROR;
				CLANG_WARN_UNREACHABLE_CODE = YES;
				CLANG_WARN__DUPLICATE_METHOD_MATCH = YES;
				"CODE_SIGN_IDENTITY[sdk=iphoneos*]" = "";
				COPY_PHASE_STRIP = NO;
				DEBUG_INFORMATION_FORMAT = "dwarf-with-dsym";
				ENABLE_NS_ASSERTIONS = NO;
				ENABLE_STRICT_OBJC_MSGSEND = YES;
				GCC_C_LANGUAGE_STANDARD = gnu99;
				GCC_NO_COMMON_BLOCKS = YES;
				GCC_WARN_64_TO_32_BIT_CONVERSION = YES;
				GCC_WARN_ABOUT_RETURN_TYPE = YES_ERROR;
				GCC_WARN_UNDECLARED_SELECTOR = YES;
				GCC_WARN_UNINITIALIZED_AUTOS = YES_AGGRESSIVE;
				GCC_WARN_UNUSED_FUNCTION = YES;
				GCC_WARN_UNUSED_VARIABLE = YES;
				IPHONEOS_DEPLOYMENT_TARGET = 8.0;
				MTL_ENABLE_DEBUG_INFO = NO;
				PROVISIONING_PROFILE = "0963875d-764b-4334-8643-4c614d05d02a";
				SDKROOT = iphoneos;
				VALIDATE_PRODUCT = YES;
			};
			name = Release;
		};
		84122E1F1C1993C50032B8FF /* Debug */ = {
			isa = XCBuildConfiguration;
			buildSettings = {
				ASSETCATALOG_COMPILER_APPICON_NAME = AppIcon;
				"CODE_SIGN_IDENTITY[sdk=iphoneos*]" = "iPhone Developer";
				INFOPLIST_FILE = ISRadioButton/Info.plist;
				LD_RUNPATH_SEARCH_PATHS = "$(inherited) @executable_path/Frameworks";
				PRODUCT_BUNDLE_IDENTIFIER = com.flikkable.ISRadioButton;
				PRODUCT_NAME = "$(TARGET_NAME)";
				PROVISIONING_PROFILE = "0963875d-764b-4334-8643-4c614d05d02a";
				PROVISIONING_PROFILE_SPECIFIER = VU5CT8JY2W/Flikkable_Dev_Universl;
				SWIFT_VERSION = 3.0;
			};
			name = Debug;
		};
		84122E201C1993C50032B8FF /* Release */ = {
			isa = XCBuildConfiguration;
			buildSettings = {
				ASSETCATALOG_COMPILER_APPICON_NAME = AppIcon;
				"CODE_SIGN_IDENTITY[sdk=iphoneos*]" = "iPhone Distribution";
				INFOPLIST_FILE = ISRadioButton/Info.plist;
				LD_RUNPATH_SEARCH_PATHS = "$(inherited) @executable_path/Frameworks";
				PRODUCT_BUNDLE_IDENTIFIER = com.flikkable.ISRadioButton;
				PRODUCT_NAME = "$(TARGET_NAME)";
				PROVISIONING_PROFILE = "1e9ee35d-d6fa-423d-a321-eb5bd7cbf517";
				PROVISIONING_PROFILE_SPECIFIER = VU5CT8JY2W/Flikkable_Adhoc_Universal;
				SWIFT_OPTIMIZATION_LEVEL = "-Owholemodule";
				SWIFT_VERSION = 3.0;
			};
			name = Release;
		};
/* End XCBuildConfiguration section */

/* Begin XCConfigurationList section */
		84122E071C1993C50032B8FF /* Build configuration list for PBXProject "ISRadioButton" */ = {
			isa = XCConfigurationList;
			buildConfigurations = (
				84122E1C1C1993C50032B8FF /* Debug */,
				84122E1D1C1993C50032B8FF /* Release */,
			);
			defaultConfigurationIsVisible = 0;
			defaultConfigurationName = Release;
		};
		84122E1E1C1993C50032B8FF /* Build configuration list for PBXNativeTarget "ISRadioButton" */ = {
			isa = XCConfigurationList;
			buildConfigurations = (
				84122E1F1C1993C50032B8FF /* Debug */,
				84122E201C1993C50032B8FF /* Release */,
			);
			defaultConfigurationIsVisible = 0;
			defaultConfigurationName = Release;
		};
/* End XCConfigurationList section */
	};
	rootObject = 84122E041C1993C50032B8FF /* Project object */;
}
